
Microsoft Visual Studio Solution File, Format Version 12.00
# Visual Studio Version 17
VisualStudioVersion = 17.10.34928.147
MinimumVisualStudioVersion = 10.0.40219.1
Project("{9A19103F-16F7-4668-BE54-9A1E7A4F7556}") = "MVC", "MVC\MVC.csproj", "{1C0A9411-CE23-4407-8926-AC438F326DC0}"
EndProject
Project("{9A19103F-16F7-4668-BE54-9A1E7A4F7556}") = "API", "API\API.csproj", "{F54A3387-A516-42B5-8F2A-C04DD9B7555A}"
EndProject
Project("{9A19103F-16F7-4668-BE54-9A1E7A4F7556}") = "BL", "BL\BL.csproj", "{A7F9A338-A522-4331-9EA1-626BCA7E0D40}"
EndProject
Project("{9A19103F-16F7-4668-BE54-9A1E7A4F7556}") = "DataAccess", "DataAccess\DataAccess.csproj", "{B62709D6-2580-4F32-8738-45418963D039}"
EndProject
Project("{9A19103F-16F7-4668-BE54-9A1E7A4F7556}") = "DTO", "DTO\DTO.csproj", "{B4903319-8CA8-4CEA-8EF2-DE41F2C52380}"
EndProject
Global
	GlobalSection(SolutionConfigurationPlatforms) = preSolution
		Debug|Any CPU = Debug|Any CPU
		Release|Any CPU = Release|Any CPU
	EndGlobalSection
	GlobalSection(ProjectConfigurationPlatforms) = postSolution
		{1C0A9411-CE23-4407-8926-AC438F326DC0}.Debug|Any CPU.ActiveCfg = Debug|Any CPU
		{1C0A9411-CE23-4407-8926-AC438F326DC0}.Debug|Any CPU.Build.0 = Debug|Any CPU
		{1C0A9411-CE23-4407-8926-AC438F326DC0}.Release|Any CPU.ActiveCfg = Release|Any CPU
		{1C0A9411-CE23-4407-8926-AC438F326DC0}.Release|Any CPU.Build.0 = Release|Any CPU
		{F54A3387-A516-42B5-8F2A-C04DD9B7555A}.Debug|Any CPU.ActiveCfg = Debug|Any CPU
		{F54A3387-A516-42B5-8F2A-C04DD9B7555A}.Debug|Any CPU.Build.0 = Debug|Any CPU
		{F54A3387-A516-42B5-8F2A-C04DD9B7555A}.Release|Any CPU.ActiveCfg = Release|Any CPU
		{F54A3387-A516-42B5-8F2A-C04DD9B7555A}.Release|Any CPU.Build.0 = Release|Any CPU
		{A7F9A338-A522-4331-9EA1-626BCA7E0D40}.Debug|Any CPU.ActiveCfg = Debug|Any CPU
		{A7F9A338-A522-4331-9EA1-626BCA7E0D40}.Debug|Any CPU.Build.0 = Debug|Any CPU
		{A7F9A338-A522-4331-9EA1-626BCA7E0D40}.Release|Any CPU.ActiveCfg = Release|Any CPU
		{A7F9A338-A522-4331-9EA1-626BCA7E0D40}.Release|Any CPU.Build.0 = Release|Any CPU
		{B62709D6-2580-4F32-8738-45418963D039}.Debug|Any CPU.ActiveCfg = Debug|Any CPU
		{B62709D6-2580-4F32-8738-45418963D039}.Debug|Any CPU.Build.0 = Debug|Any CPU
		{B62709D6-2580-4F32-8738-45418963D039}.Release|Any CPU.ActiveCfg = Release|Any CPU
		{B62709D6-2580-4F32-8738-45418963D039}.Release|Any CPU.Build.0 = Release|Any CPU
		{B4903319-8CA8-4CEA-8EF2-DE41F2C52380}.Debug|Any CPU.ActiveCfg = Debug|Any CPU
		{B4903319-8CA8-4CEA-8EF2-DE41F2C52380}.Debug|Any CPU.Build.0 = Debug|Any CPU
		{B4903319-8CA8-4CEA-8EF2-DE41F2C52380}.Release|Any CPU.ActiveCfg = Release|Any CPU
		{B4903319-8CA8-4CEA-8EF2-DE41F2C52380}.Release|Any CPU.Build.0 = Release|Any CPU
	EndGlobalSection
	GlobalSection(SolutionProperties) = preSolution
		HideSolutionNode = FALSE
	EndGlobalSection
	GlobalSection(ExtensibilityGlobals) = postSolution
		SolutionGuid = {64541A16-D814-4313-B4E0-9000510D86A8}
	EndGlobalSection
EndGlobal
